// !$*UTF8*$!
{
	archiveVersion = 1;
	classes = {
	};
	objectVersion = 50;
	objects = {

/* Begin PBXBuildFile section */
		ED0D4C4D214B13A2009F48BC /* RxSwift.framework in Frameworks */ = {isa = PBXBuildFile; fileRef = ED0D4C4C214B13A2009F48BC /* RxSwift.framework */; };
		ED0D4C4F214B13A7009F48BC /* RxCocoa.framework in Frameworks */ = {isa = PBXBuildFile; fileRef = ED0D4C4E214B13A6009F48BC /* RxCocoa.framework */; };
		ED0D4C51214B13AC009F48BC /* RxBlocking.framework in Frameworks */ = {isa = PBXBuildFile; fileRef = ED0D4C50214B13AC009F48BC /* RxBlocking.framework */; };
		ED52DC922134FEA3001198E7 /* SettingsNavigationController.swift in Sources */ = {isa = PBXBuildFile; fileRef = ED52DC912134FEA3001198E7 /* SettingsNavigationController.swift */; };
		ED52DC992134FED6001198E7 /* DismissTransitionController.swift in Sources */ = {isa = PBXBuildFile; fileRef = ED52DC952134FED6001198E7 /* DismissTransitionController.swift */; };
		ED52DC9A2134FED6001198E7 /* PresentTransitionController.swift in Sources */ = {isa = PBXBuildFile; fileRef = ED52DC962134FED6001198E7 /* PresentTransitionController.swift */; };
		ED52DC9D21365FE2001198E7 /* SectionHeaderView.xib in Resources */ = {isa = PBXBuildFile; fileRef = ED52DC9C21365FE2001198E7 /* SectionHeaderView.xib */; };
		ED7636772131F63D000592F4 /* AppDelegate.swift in Sources */ = {isa = PBXBuildFile; fileRef = ED7636762131F63D000592F4 /* AppDelegate.swift */; };
		ED7636792131F63D000592F4 /* CryptoCurrencyListViewController.swift in Sources */ = {isa = PBXBuildFile; fileRef = ED7636782131F63D000592F4 /* CryptoCurrencyListViewController.swift */; };
		ED76367B2131F63D000592F4 /* FavoritesViewController.swift in Sources */ = {isa = PBXBuildFile; fileRef = ED76367A2131F63D000592F4 /* FavoritesViewController.swift */; };
		ED76367E2131F63D000592F4 /* Main.storyboard in Resources */ = {isa = PBXBuildFile; fileRef = ED76367C2131F63D000592F4 /* Main.storyboard */; };
		ED7636802131F63F000592F4 /* Assets.xcassets in Resources */ = {isa = PBXBuildFile; fileRef = ED76367F2131F63F000592F4 /* Assets.xcassets */; };
		ED7636832131F63F000592F4 /* LaunchScreen.storyboard in Resources */ = {isa = PBXBuildFile; fileRef = ED7636812131F63F000592F4 /* LaunchScreen.storyboard */; };
		ED7636992131F640000592F4 /* CryptoMarketMVCUITests.swift in Sources */ = {isa = PBXBuildFile; fileRef = ED7636982131F640000592F4 /* CryptoMarketMVCUITests.swift */; };
		ED7636AC21320160000592F4 /* CurrencyCell.swift in Sources */ = {isa = PBXBuildFile; fileRef = ED7636AB21320160000592F4 /* CurrencyCell.swift */; };
		ED7636AE213203A2000592F4 /* SettingsViewController.swift in Sources */ = {isa = PBXBuildFile; fileRef = ED7636AD213203A2000592F4 /* SettingsViewController.swift */; };
		ED7636B021325AAA000592F4 /* ScaleWidthImageView.swift in Sources */ = {isa = PBXBuildFile; fileRef = ED7636AF21325AAA000592F4 /* ScaleWidthImageView.swift */; };
		ED7636B221325EEF000592F4 /* SectionHeaderView.swift in Sources */ = {isa = PBXBuildFile; fileRef = ED7636B121325EEF000592F4 /* SectionHeaderView.swift */; };
		ED7636B4213300B2000592F4 /* DetailViewController.swift in Sources */ = {isa = PBXBuildFile; fileRef = ED7636B3213300B2000592F4 /* DetailViewController.swift */; };
		ED7636B62133012C000592F4 /* ExpandViewController.swift in Sources */ = {isa = PBXBuildFile; fileRef = ED7636B52133012C000592F4 /* ExpandViewController.swift */; };
		ED7636B82134CE95000592F4 /* PricesViewController.swift in Sources */ = {isa = PBXBuildFile; fileRef = ED7636B72134CE95000592F4 /* PricesViewController.swift */; };
		EDADE8872145970B00FF3D89 /* HuobiEndPointsTests.swift in Sources */ = {isa = PBXBuildFile; fileRef = EDADE8862145970B00FF3D89 /* HuobiEndPointsTests.swift */; };
		EDADE8972145A48F00FF3D89 /* CoinMarketEndPointsTests.swift in Sources */ = {isa = PBXBuildFile; fileRef = EDADE8962145A48F00FF3D89 /* CoinMarketEndPointsTests.swift */; };
		EDADE8992145A5A500FF3D89 /* CryptoCompareEndPointsTests.swift in Sources */ = {isa = PBXBuildFile; fileRef = EDADE8982145A5A500FF3D89 /* CryptoCompareEndPointsTests.swift */; };
		EDB62CB021554DED006EA432 /* CurrencyListViewModel.swift in Sources */ = {isa = PBXBuildFile; fileRef = EDB62CAF21554DED006EA432 /* CurrencyListViewModel.swift */; };
		EDB62CB221554EEF006EA432 /* PriceViewModel.swift in Sources */ = {isa = PBXBuildFile; fileRef = EDB62CB121554EEF006EA432 /* PriceViewModel.swift */; };
		EDB942022156AED60070C278 /* FavoriteViewModel.swift in Sources */ = {isa = PBXBuildFile; fileRef = EDB942012156AED60070C278 /* FavoriteViewModel.swift */; };
		EDB94204215709AD0070C278 /* SettingViewModel.swift in Sources */ = {isa = PBXBuildFile; fileRef = EDB94203215709AD0070C278 /* SettingViewModel.swift */; };
		EDB9420621570EE00070C278 /* ExpandViewModel.swift in Sources */ = {isa = PBXBuildFile; fileRef = EDB9420521570EE00070C278 /* ExpandViewModel.swift */; };
		EDB94208215885950070C278 /* SectionHeaderViewModel.swift in Sources */ = {isa = PBXBuildFile; fileRef = EDB94207215885950070C278 /* SectionHeaderViewModel.swift */; };
		EDB9420C2158C5260070C278 /* CurrencyViewModel.swift in Sources */ = {isa = PBXBuildFile; fileRef = EDB9420B2158C5260070C278 /* CurrencyViewModel.swift */; };
		EDD4B47A214882B800D8E297 /* Charts.framework in Frameworks */ = {isa = PBXBuildFile; fileRef = EDD4B479214882B800D8E297 /* Charts.framework */; };
		EDD4B47D2148C2BF00D8E297 /* PersistentModel.swift in Sources */ = {isa = PBXBuildFile; fileRef = EDD4B47C2148C2BF00D8E297 /* PersistentModel.swift */; };
		EDD4B47F2148CA4300D8E297 /* GlobalStatus.swift in Sources */ = {isa = PBXBuildFile; fileRef = EDD4B47E2148CA4300D8E297 /* GlobalStatus.swift */; };
		EDD89F512141DA890031EA10 /* Logger.swift in Sources */ = {isa = PBXBuildFile; fileRef = EDD89F502141DA890031EA10 /* Logger.swift */; };
		EDD89F6121421BE80031EA10 /* ParameterEncoder.swift in Sources */ = {isa = PBXBuildFile; fileRef = EDD89F5421421BE80031EA10 /* ParameterEncoder.swift */; };
		EDD89F6221421BE80031EA10 /* Signature.swift in Sources */ = {isa = PBXBuildFile; fileRef = EDD89F5521421BE80031EA10 /* Signature.swift */; };
		EDD89F6321421BE80031EA10 /* NetworkManager.swift in Sources */ = {isa = PBXBuildFile; fileRef = EDD89F5721421BE80031EA10 /* NetworkManager.swift */; };
		EDD89F6421421BE80031EA10 /* CoinMarketEndPoint.swift in Sources */ = {isa = PBXBuildFile; fileRef = EDD89F5921421BE80031EA10 /* CoinMarketEndPoint.swift */; };
		EDD89F6521421BE80031EA10 /* CryptoCompareEndPoint.swift in Sources */ = {isa = PBXBuildFile; fileRef = EDD89F5A21421BE80031EA10 /* CryptoCompareEndPoint.swift */; };
		EDD89F6621421BE80031EA10 /* HuobiEndPoint.swift in Sources */ = {isa = PBXBuildFile; fileRef = EDD89F5B21421BE80031EA10 /* HuobiEndPoint.swift */; };
		EDD89F6721421BE80031EA10 /* NetworkRouter.swift in Sources */ = {isa = PBXBuildFile; fileRef = EDD89F5D21421BE80031EA10 /* NetworkRouter.swift */; };
		EDD89F6921421BE80031EA10 /* NetworkLogger.swift in Sources */ = {isa = PBXBuildFile; fileRef = EDD89F5F21421BE80031EA10 /* NetworkLogger.swift */; };
		EDD89F6A21421BE80031EA10 /* EndPointType.swift in Sources */ = {isa = PBXBuildFile; fileRef = EDD89F6021421BE80031EA10 /* EndPointType.swift */; };
		EDD89F6E21421C190031EA10 /* CoinMarketModel.swift in Sources */ = {isa = PBXBuildFile; fileRef = EDD89F6B21421C190031EA10 /* CoinMarketModel.swift */; };
		EDD89F6F21421C190031EA10 /* CryptoCompareModel.swift in Sources */ = {isa = PBXBuildFile; fileRef = EDD89F6C21421C190031EA10 /* CryptoCompareModel.swift */; };
		EDD89F7021421C190031EA10 /* HuobiModel.swift in Sources */ = {isa = PBXBuildFile; fileRef = EDD89F6D21421C190031EA10 /* HuobiModel.swift */; };
		EDDA22DF214D76CB00088F48 /* RxDataSources.framework in Frameworks */ = {isa = PBXBuildFile; fileRef = EDDA22DE214D76CB00088F48 /* RxDataSources.framework */; };
		EDDA22E1214D7A3600088F48 /* Differentiator.framework in Frameworks */ = {isa = PBXBuildFile; fileRef = EDDA22E0214D7A3600088F48 /* Differentiator.framework */; };
		EDDA22E3214DE4BA00088F48 /* RxGesture.framework in Frameworks */ = {isa = PBXBuildFile; fileRef = EDDA22E2214DE4BA00088F48 /* RxGesture.framework */; };
		EDDA22E5214DF18E00088F48 /* ClickView.swift in Sources */ = {isa = PBXBuildFile; fileRef = EDDA22E4214DF18E00088F48 /* ClickView.swift */; };
/* End PBXBuildFile section */

/* Begin PBXContainerItemProxy section */
		ED76368A2131F640000592F4 /* PBXContainerItemProxy */ = {
			isa = PBXContainerItemProxy;
			containerPortal = ED76366B2131F63D000592F4 /* Project object */;
			proxyType = 1;
			remoteGlobalIDString = ED7636722131F63D000592F4;
			remoteInfo = CryptoMarketMVC;
		};
		ED7636952131F640000592F4 /* PBXContainerItemProxy */ = {
			isa = PBXContainerItemProxy;
			containerPortal = ED76366B2131F63D000592F4 /* Project object */;
			proxyType = 1;
			remoteGlobalIDString = ED7636722131F63D000592F4;
			remoteInfo = CryptoMarketMVC;
		};
/* End PBXContainerItemProxy section */

/* Begin PBXFileReference section */
		ED0D4C4C214B13A2009F48BC /* RxSwift.framework */ = {isa = PBXFileReference; lastKnownFileType = wrapper.framework; name = RxSwift.framework; path = Carthage/Build/iOS/RxSwift.framework; sourceTree = "<group>"; };
		ED0D4C4E214B13A6009F48BC /* RxCocoa.framework */ = {isa = PBXFileReference; lastKnownFileType = wrapper.framework; name = RxCocoa.framework; path = Carthage/Build/iOS/RxCocoa.framework; sourceTree = "<group>"; };
		ED0D4C50214B13AC009F48BC /* RxBlocking.framework */ = {isa = PBXFileReference; lastKnownFileType = wrapper.framework; name = RxBlocking.framework; path = Carthage/Build/iOS/RxBlocking.framework; sourceTree = "<group>"; };
		ED52DC912134FEA3001198E7 /* SettingsNavigationController.swift */ = {isa = PBXFileReference; lastKnownFileType = sourcecode.swift; path = SettingsNavigationController.swift; sourceTree = "<group>"; };
		ED52DC952134FED6001198E7 /* DismissTransitionController.swift */ = {isa = PBXFileReference; fileEncoding = 4; lastKnownFileType = sourcecode.swift; path = DismissTransitionController.swift; sourceTree = "<group>"; };
		ED52DC962134FED6001198E7 /* PresentTransitionController.swift */ = {isa = PBXFileReference; fileEncoding = 4; lastKnownFileType = sourcecode.swift; path = PresentTransitionController.swift; sourceTree = "<group>"; };
		ED52DC9C21365FE2001198E7 /* SectionHeaderView.xib */ = {isa = PBXFileReference; lastKnownFileType = file.xib; path = SectionHeaderView.xib; sourceTree = "<group>"; };
		ED7636732131F63D000592F4 /* CryptoMarketMVC.app */ = {isa = PBXFileReference; explicitFileType = wrapper.application; includeInIndex = 0; path = CryptoMarketMVC.app; sourceTree = BUILT_PRODUCTS_DIR; };
		ED7636762131F63D000592F4 /* AppDelegate.swift */ = {isa = PBXFileReference; lastKnownFileType = sourcecode.swift; path = AppDelegate.swift; sourceTree = "<group>"; };
		ED7636782131F63D000592F4 /* CryptoCurrencyListViewController.swift */ = {isa = PBXFileReference; lastKnownFileType = sourcecode.swift; path = CryptoCurrencyListViewController.swift; sourceTree = "<group>"; };
		ED76367A2131F63D000592F4 /* FavoritesViewController.swift */ = {isa = PBXFileReference; lastKnownFileType = sourcecode.swift; path = FavoritesViewController.swift; sourceTree = "<group>"; };
		ED76367D2131F63D000592F4 /* Base */ = {isa = PBXFileReference; lastKnownFileType = file.storyboard; name = Base; path = Base.lproj/Main.storyboard; sourceTree = "<group>"; };
		ED76367F2131F63F000592F4 /* Assets.xcassets */ = {isa = PBXFileReference; lastKnownFileType = folder.assetcatalog; path = Assets.xcassets; sourceTree = "<group>"; };
		ED7636822131F63F000592F4 /* Base */ = {isa = PBXFileReference; lastKnownFileType = file.storyboard; name = Base; path = Base.lproj/LaunchScreen.storyboard; sourceTree = "<group>"; };
		ED7636842131F63F000592F4 /* Info.plist */ = {isa = PBXFileReference; lastKnownFileType = text.plist.xml; path = Info.plist; sourceTree = "<group>"; };
		ED7636892131F640000592F4 /* CryptoMarketMVCTests.xctest */ = {isa = PBXFileReference; explicitFileType = wrapper.cfbundle; includeInIndex = 0; path = CryptoMarketMVCTests.xctest; sourceTree = BUILT_PRODUCTS_DIR; };
		ED76368F2131F640000592F4 /* Info.plist */ = {isa = PBXFileReference; lastKnownFileType = text.plist.xml; path = Info.plist; sourceTree = "<group>"; };
		ED7636942131F640000592F4 /* CryptoMarketMVCUITests.xctest */ = {isa = PBXFileReference; explicitFileType = wrapper.cfbundle; includeInIndex = 0; path = CryptoMarketMVCUITests.xctest; sourceTree = BUILT_PRODUCTS_DIR; };
		ED7636982131F640000592F4 /* CryptoMarketMVCUITests.swift */ = {isa = PBXFileReference; lastKnownFileType = sourcecode.swift; path = CryptoMarketMVCUITests.swift; sourceTree = "<group>"; };
		ED76369A2131F640000592F4 /* Info.plist */ = {isa = PBXFileReference; lastKnownFileType = text.plist.xml; path = Info.plist; sourceTree = "<group>"; };
		ED7636AB21320160000592F4 /* CurrencyCell.swift */ = {isa = PBXFileReference; lastKnownFileType = sourcecode.swift; path = CurrencyCell.swift; sourceTree = "<group>"; };
		ED7636AD213203A2000592F4 /* SettingsViewController.swift */ = {isa = PBXFileReference; lastKnownFileType = sourcecode.swift; path = SettingsViewController.swift; sourceTree = "<group>"; };
		ED7636AF21325AAA000592F4 /* ScaleWidthImageView.swift */ = {isa = PBXFileReference; lastKnownFileType = sourcecode.swift; path = ScaleWidthImageView.swift; sourceTree = "<group>"; };
		ED7636B121325EEF000592F4 /* SectionHeaderView.swift */ = {isa = PBXFileReference; lastKnownFileType = sourcecode.swift; path = SectionHeaderView.swift; sourceTree = "<group>"; };
		ED7636B3213300B2000592F4 /* DetailViewController.swift */ = {isa = PBXFileReference; lastKnownFileType = sourcecode.swift; path = DetailViewController.swift; sourceTree = "<group>"; };
		ED7636B52133012C000592F4 /* ExpandViewController.swift */ = {isa = PBXFileReference; lastKnownFileType = sourcecode.swift; path = ExpandViewController.swift; sourceTree = "<group>"; };
		ED7636B72134CE95000592F4 /* PricesViewController.swift */ = {isa = PBXFileReference; lastKnownFileType = sourcecode.swift; path = PricesViewController.swift; sourceTree = "<group>"; };
		EDADE8862145970B00FF3D89 /* HuobiEndPointsTests.swift */ = {isa = PBXFileReference; lastKnownFileType = sourcecode.swift; path = HuobiEndPointsTests.swift; sourceTree = "<group>"; };
		EDADE8962145A48F00FF3D89 /* CoinMarketEndPointsTests.swift */ = {isa = PBXFileReference; lastKnownFileType = sourcecode.swift; path = CoinMarketEndPointsTests.swift; sourceTree = "<group>"; };
		EDADE8982145A5A500FF3D89 /* CryptoCompareEndPointsTests.swift */ = {isa = PBXFileReference; lastKnownFileType = sourcecode.swift; path = CryptoCompareEndPointsTests.swift; sourceTree = "<group>"; };
		EDB62CAF21554DED006EA432 /* CurrencyListViewModel.swift */ = {isa = PBXFileReference; lastKnownFileType = sourcecode.swift; path = CurrencyListViewModel.swift; sourceTree = "<group>"; };
		EDB62CB121554EEF006EA432 /* PriceViewModel.swift */ = {isa = PBXFileReference; lastKnownFileType = sourcecode.swift; path = PriceViewModel.swift; sourceTree = "<group>"; };
		EDB942012156AED60070C278 /* FavoriteViewModel.swift */ = {isa = PBXFileReference; lastKnownFileType = sourcecode.swift; path = FavoriteViewModel.swift; sourceTree = "<group>"; };
		EDB94203215709AD0070C278 /* SettingViewModel.swift */ = {isa = PBXFileReference; lastKnownFileType = sourcecode.swift; path = SettingViewModel.swift; sourceTree = "<group>"; };
		EDB9420521570EE00070C278 /* ExpandViewModel.swift */ = {isa = PBXFileReference; lastKnownFileType = sourcecode.swift; path = ExpandViewModel.swift; sourceTree = "<group>"; };
		EDB94207215885950070C278 /* SectionHeaderViewModel.swift */ = {isa = PBXFileReference; lastKnownFileType = sourcecode.swift; path = SectionHeaderViewModel.swift; sourceTree = "<group>"; };
		EDB9420B2158C5260070C278 /* CurrencyViewModel.swift */ = {isa = PBXFileReference; lastKnownFileType = sourcecode.swift; path = CurrencyViewModel.swift; sourceTree = "<group>"; };
		EDD4B479214882B800D8E297 /* Charts.framework */ = {isa = PBXFileReference; lastKnownFileType = wrapper.framework; name = Charts.framework; path = Carthage/Build/iOS/Charts.framework; sourceTree = "<group>"; };
		EDD4B47C2148C2BF00D8E297 /* PersistentModel.swift */ = {isa = PBXFileReference; lastKnownFileType = sourcecode.swift; path = PersistentModel.swift; sourceTree = "<group>"; };
		EDD4B47E2148CA4300D8E297 /* GlobalStatus.swift */ = {isa = PBXFileReference; lastKnownFileType = sourcecode.swift; path = GlobalStatus.swift; sourceTree = "<group>"; };
		EDD4B4802148D50A00D8E297 /* coin.css */ = {isa = PBXFileReference; lastKnownFileType = text.css; name = coin.css; path = ../../../../../../../Desktop/coin.css; sourceTree = "<group>"; };
		EDD4B4812148D50A00D8E297 /* coin.html */ = {isa = PBXFileReference; lastKnownFileType = text.html; name = coin.html; path = ../../../../../../../Desktop/coin.html; sourceTree = "<group>"; };
		EDD89F502141DA890031EA10 /* Logger.swift */ = {isa = PBXFileReference; fileEncoding = 4; lastKnownFileType = sourcecode.swift; name = Logger.swift; path = ../../../../../swiftlogger/SwiftLogger/Debug/Logger.swift; sourceTree = "<group>"; };
		EDD89F5421421BE80031EA10 /* ParameterEncoder.swift */ = {isa = PBXFileReference; fileEncoding = 4; lastKnownFileType = sourcecode.swift; path = ParameterEncoder.swift; sourceTree = "<group>"; };
		EDD89F5521421BE80031EA10 /* Signature.swift */ = {isa = PBXFileReference; fileEncoding = 4; lastKnownFileType = sourcecode.swift; path = Signature.swift; sourceTree = "<group>"; };
		EDD89F5721421BE80031EA10 /* NetworkManager.swift */ = {isa = PBXFileReference; fileEncoding = 4; lastKnownFileType = sourcecode.swift; path = NetworkManager.swift; sourceTree = "<group>"; };
		EDD89F5921421BE80031EA10 /* CoinMarketEndPoint.swift */ = {isa = PBXFileReference; fileEncoding = 4; lastKnownFileType = sourcecode.swift; path = CoinMarketEndPoint.swift; sourceTree = "<group>"; };
		EDD89F5A21421BE80031EA10 /* CryptoCompareEndPoint.swift */ = {isa = PBXFileReference; fileEncoding = 4; lastKnownFileType = sourcecode.swift; path = CryptoCompareEndPoint.swift; sourceTree = "<group>"; };
		EDD89F5B21421BE80031EA10 /* HuobiEndPoint.swift */ = {isa = PBXFileReference; fileEncoding = 4; lastKnownFileType = sourcecode.swift; path = HuobiEndPoint.swift; sourceTree = "<group>"; };
		EDD89F5D21421BE80031EA10 /* NetworkRouter.swift */ = {isa = PBXFileReference; fileEncoding = 4; lastKnownFileType = sourcecode.swift; path = NetworkRouter.swift; sourceTree = "<group>"; };
		EDD89F5F21421BE80031EA10 /* NetworkLogger.swift */ = {isa = PBXFileReference; fileEncoding = 4; lastKnownFileType = sourcecode.swift; path = NetworkLogger.swift; sourceTree = "<group>"; };
		EDD89F6021421BE80031EA10 /* EndPointType.swift */ = {isa = PBXFileReference; fileEncoding = 4; lastKnownFileType = sourcecode.swift; path = EndPointType.swift; sourceTree = "<group>"; };
		EDD89F6B21421C190031EA10 /* CoinMarketModel.swift */ = {isa = PBXFileReference; fileEncoding = 4; lastKnownFileType = sourcecode.swift; path = CoinMarketModel.swift; sourceTree = "<group>"; };
		EDD89F6C21421C190031EA10 /* CryptoCompareModel.swift */ = {isa = PBXFileReference; fileEncoding = 4; lastKnownFileType = sourcecode.swift; path = CryptoCompareModel.swift; sourceTree = "<group>"; };
		EDD89F6D21421C190031EA10 /* HuobiModel.swift */ = {isa = PBXFileReference; fileEncoding = 4; lastKnownFileType = sourcecode.swift; path = HuobiModel.swift; sourceTree = "<group>"; };
		EDD89F7121421C4B0031EA10 /* CommonCrypto.h */ = {isa = PBXFileReference; lastKnownFileType = sourcecode.c.h; path = CommonCrypto.h; sourceTree = "<group>"; };
		EDDA22DE214D76CB00088F48 /* RxDataSources.framework */ = {isa = PBXFileReference; lastKnownFileType = wrapper.framework; name = RxDataSources.framework; path = Carthage/Build/iOS/RxDataSources.framework; sourceTree = "<group>"; };
		EDDA22E0214D7A3600088F48 /* Differentiator.framework */ = {isa = PBXFileReference; lastKnownFileType = wrapper.framework; name = Differentiator.framework; path = Carthage/Build/iOS/Differentiator.framework; sourceTree = "<group>"; };
		EDDA22E2214DE4BA00088F48 /* RxGesture.framework */ = {isa = PBXFileReference; lastKnownFileType = wrapper.framework; name = RxGesture.framework; path = Carthage/Build/iOS/RxGesture.framework; sourceTree = "<group>"; };
		EDDA22E4214DF18E00088F48 /* ClickView.swift */ = {isa = PBXFileReference; lastKnownFileType = sourcecode.swift; path = ClickView.swift; sourceTree = "<group>"; };
/* End PBXFileReference section */

/* Begin PBXFrameworksBuildPhase section */
		ED7636702131F63D000592F4 /* Frameworks */ = {
			isa = PBXFrameworksBuildPhase;
			buildActionMask = 2147483647;
			files = (
				EDDA22E1214D7A3600088F48 /* Differentiator.framework in Frameworks */,
				EDD4B47A214882B800D8E297 /* Charts.framework in Frameworks */,
				ED0D4C4D214B13A2009F48BC /* RxSwift.framework in Frameworks */,
				ED0D4C4F214B13A7009F48BC /* RxCocoa.framework in Frameworks */,
				ED0D4C51214B13AC009F48BC /* RxBlocking.framework in Frameworks */,
				EDDA22DF214D76CB00088F48 /* RxDataSources.framework in Frameworks */,
				EDDA22E3214DE4BA00088F48 /* RxGesture.framework in Frameworks */,
			);
			runOnlyForDeploymentPostprocessing = 0;
		};
		ED7636862131F640000592F4 /* Frameworks */ = {
			isa = PBXFrameworksBuildPhase;
			buildActionMask = 2147483647;
			files = (
			);
			runOnlyForDeploymentPostprocessing = 0;
		};
		ED7636912131F640000592F4 /* Frameworks */ = {
			isa = PBXFrameworksBuildPhase;
			buildActionMask = 2147483647;
			files = (
			);
			runOnlyForDeploymentPostprocessing = 0;
		};
/* End PBXFrameworksBuildPhase section */

/* Begin PBXGroup section */
		ED52DC932134FED6001198E7 /* Transitions */ = {
			isa = PBXGroup;
			children = (
				ED52DC952134FED6001198E7 /* DismissTransitionController.swift */,
				ED52DC962134FED6001198E7 /* PresentTransitionController.swift */,
			);
			path = Transitions;
			sourceTree = "<group>";
		};
		ED76366A2131F63D000592F4 = {
			isa = PBXGroup;
			children = (
				ED7636752131F63D000592F4 /* CryptoMarketMVC */,
				ED76368C2131F640000592F4 /* CryptoMarketMVCTests */,
				ED7636972131F640000592F4 /* CryptoMarketMVCUITests */,
				ED7636742131F63D000592F4 /* Products */,
				EDD4B478214882B700D8E297 /* Frameworks */,
			);
			sourceTree = "<group>";
		};
		ED7636742131F63D000592F4 /* Products */ = {
			isa = PBXGroup;
			children = (
				ED7636732131F63D000592F4 /* CryptoMarketMVC.app */,
				ED7636892131F640000592F4 /* CryptoMarketMVCTests.xctest */,
				ED7636942131F640000592F4 /* CryptoMarketMVCUITests.xctest */,
			);
			name = Products;
			sourceTree = "<group>";
		};
		ED7636752131F63D000592F4 /* CryptoMarketMVC */ = {
			isa = PBXGroup;
			children = (
				EDD89F7121421C4B0031EA10 /* CommonCrypto.h */,
				ED7636A62131F86B000592F4 /* App */,
				EDD89F5221421BE80031EA10 /* Networking */,
				ED7636A82131F883000592F4 /* Models */,
				ED7636A72131F879000592F4 /* Views */,
				EDB942002156A7AB0070C278 /* ViewModel */,
				ED7636A92131F88F000592F4 /* Controllers */,
				EDD89F492141D6770031EA10 /* Helpers */,
				ED7636AA2131F8CE000592F4 /* Resources */,
				ED7636842131F63F000592F4 /* Info.plist */,
			);
			path = CryptoMarketMVC;
			sourceTree = "<group>";
		};
		ED76368C2131F640000592F4 /* CryptoMarketMVCTests */ = {
			isa = PBXGroup;
			children = (
				EDADE8982145A5A500FF3D89 /* CryptoCompareEndPointsTests.swift */,
				EDADE8962145A48F00FF3D89 /* CoinMarketEndPointsTests.swift */,
				EDADE8862145970B00FF3D89 /* HuobiEndPointsTests.swift */,
				ED76368F2131F640000592F4 /* Info.plist */,
			);
			path = CryptoMarketMVCTests;
			sourceTree = "<group>";
		};
		ED7636972131F640000592F4 /* CryptoMarketMVCUITests */ = {
			isa = PBXGroup;
			children = (
				ED7636982131F640000592F4 /* CryptoMarketMVCUITests.swift */,
				ED76369A2131F640000592F4 /* Info.plist */,
			);
			path = CryptoMarketMVCUITests;
			sourceTree = "<group>";
		};
		ED7636A62131F86B000592F4 /* App */ = {
			isa = PBXGroup;
			children = (
				ED7636762131F63D000592F4 /* AppDelegate.swift */,
			);
			path = App;
			sourceTree = "<group>";
		};
		ED7636A72131F879000592F4 /* Views */ = {
			isa = PBXGroup;
			children = (
				ED76367C2131F63D000592F4 /* Main.storyboard */,
				ED7636AF21325AAA000592F4 /* ScaleWidthImageView.swift */,
				ED7636AB21320160000592F4 /* CurrencyCell.swift */,
				ED7636B121325EEF000592F4 /* SectionHeaderView.swift */,
				EDDA22E4214DF18E00088F48 /* ClickView.swift */,
				ED52DC9C21365FE2001198E7 /* SectionHeaderView.xib */,
				ED52DC932134FED6001198E7 /* Transitions */,
			);
			path = Views;
			sourceTree = "<group>";
		};
		ED7636A82131F883000592F4 /* Models */ = {
			isa = PBXGroup;
			children = (
				EDD89F5821421BE80031EA10 /* Endpoint */,
				EDD89F6B21421C190031EA10 /* CoinMarketModel.swift */,
				EDD89F6C21421C190031EA10 /* CryptoCompareModel.swift */,
				EDD89F6D21421C190031EA10 /* HuobiModel.swift */,
				EDD4B47C2148C2BF00D8E297 /* PersistentModel.swift */,
			);
			path = Models;
			sourceTree = "<group>";
		};
		ED7636A92131F88F000592F4 /* Controllers */ = {
			isa = PBXGroup;
			children = (
				ED7636782131F63D000592F4 /* CryptoCurrencyListViewController.swift */,
				ED7636B72134CE95000592F4 /* PricesViewController.swift */,
				ED76367A2131F63D000592F4 /* FavoritesViewController.swift */,
				ED52DC912134FEA3001198E7 /* SettingsNavigationController.swift */,
				ED7636AD213203A2000592F4 /* SettingsViewController.swift */,
				ED7636B3213300B2000592F4 /* DetailViewController.swift */,
				ED7636B52133012C000592F4 /* ExpandViewController.swift */,
			);
			path = Controllers;
			sourceTree = "<group>";
		};
		ED7636AA2131F8CE000592F4 /* Resources */ = {
			isa = PBXGroup;
			children = (
				EDD4B4802148D50A00D8E297 /* coin.css */,
				EDD4B4812148D50A00D8E297 /* coin.html */,
				ED76367F2131F63F000592F4 /* Assets.xcassets */,
				ED7636812131F63F000592F4 /* LaunchScreen.storyboard */,
			);
			path = Resources;
			sourceTree = "<group>";
		};
		EDB942002156A7AB0070C278 /* ViewModel */ = {
			isa = PBXGroup;
			children = (
				EDD4B47E2148CA4300D8E297 /* GlobalStatus.swift */,
				EDB62CAF21554DED006EA432 /* CurrencyListViewModel.swift */,
				EDB62CB121554EEF006EA432 /* PriceViewModel.swift */,
				EDB942012156AED60070C278 /* FavoriteViewModel.swift */,
				EDB94203215709AD0070C278 /* SettingViewModel.swift */,
				EDB9420521570EE00070C278 /* ExpandViewModel.swift */,
				EDB94207215885950070C278 /* SectionHeaderViewModel.swift */,
				EDB9420B2158C5260070C278 /* CurrencyViewModel.swift */,
			);
			path = ViewModel;
			sourceTree = "<group>";
		};
		EDD4B478214882B700D8E297 /* Frameworks */ = {
			isa = PBXGroup;
			children = (
				EDDA22E2214DE4BA00088F48 /* RxGesture.framework */,
				EDDA22E0214D7A3600088F48 /* Differentiator.framework */,
				EDDA22DE214D76CB00088F48 /* RxDataSources.framework */,
				ED0D4C50214B13AC009F48BC /* RxBlocking.framework */,
				ED0D4C4E214B13A6009F48BC /* RxCocoa.framework */,
				ED0D4C4C214B13A2009F48BC /* RxSwift.framework */,
				EDD4B479214882B800D8E297 /* Charts.framework */,
			);
			name = Frameworks;
			sourceTree = "<group>";
		};
		EDD89F492141D6770031EA10 /* Helpers */ = {
			isa = PBXGroup;
			children = (
				EDD89F4D2141DA470031EA10 /* Loggers */,
			);
			path = Helpers;
			sourceTree = "<group>";
		};
		EDD89F4D2141DA470031EA10 /* Loggers */ = {
			isa = PBXGroup;
			children = (
				EDD89F502141DA890031EA10 /* Logger.swift */,
			);
			path = Loggers;
			sourceTree = "<group>";
		};
		EDD89F5221421BE80031EA10 /* Networking */ = {
			isa = PBXGroup;
			children = (
				EDD89F5C21421BE80031EA10 /* Service */,
				EDD89F5321421BE80031EA10 /* Encoding */,
				EDD89F5621421BE80031EA10 /* Logger */,
			);
			path = Networking;
			sourceTree = "<group>";
		};
		EDD89F5321421BE80031EA10 /* Encoding */ = {
			isa = PBXGroup;
			children = (
				EDD89F5421421BE80031EA10 /* ParameterEncoder.swift */,
				EDD89F5521421BE80031EA10 /* Signature.swift */,
			);
			path = Encoding;
			sourceTree = "<group>";
		};
		EDD89F5621421BE80031EA10 /* Logger */ = {
			isa = PBXGroup;
			children = (
				EDD89F5F21421BE80031EA10 /* NetworkLogger.swift */,
			);
			path = Logger;
			sourceTree = "<group>";
		};
		EDD89F5821421BE80031EA10 /* Endpoint */ = {
			isa = PBXGroup;
			children = (
				EDD89F5921421BE80031EA10 /* CoinMarketEndPoint.swift */,
				EDD89F5A21421BE80031EA10 /* CryptoCompareEndPoint.swift */,
				EDD89F5B21421BE80031EA10 /* HuobiEndPoint.swift */,
			);
			path = Endpoint;
			sourceTree = "<group>";
		};
		EDD89F5C21421BE80031EA10 /* Service */ = {
			isa = PBXGroup;
			children = (
				EDD89F5721421BE80031EA10 /* NetworkManager.swift */,
				EDD89F5D21421BE80031EA10 /* NetworkRouter.swift */,
				EDD89F6021421BE80031EA10 /* EndPointType.swift */,
			);
			path = Service;
			sourceTree = "<group>";
		};
/* End PBXGroup section */

/* Begin PBXNativeTarget section */
		ED7636722131F63D000592F4 /* CryptoMarketMVC */ = {
			isa = PBXNativeTarget;
			buildConfigurationList = ED76369D2131F640000592F4 /* Build configuration list for PBXNativeTarget "CryptoMarketMVC" */;
			buildPhases = (
				ED76366F2131F63D000592F4 /* Sources */,
				ED7636702131F63D000592F4 /* Frameworks */,
				ED7636712131F63D000592F4 /* Resources */,
				EDD4B47B214882E300D8E297 /* ShellScript */,
			);
			buildRules = (
			);
			dependencies = (
			);
			name = CryptoMarketMVC;
			productName = CryptoMarketMVC;
			productReference = ED7636732131F63D000592F4 /* CryptoMarketMVC.app */;
			productType = "com.apple.product-type.application";
		};
		ED7636882131F640000592F4 /* CryptoMarketMVCTests */ = {
			isa = PBXNativeTarget;
			buildConfigurationList = ED7636A02131F640000592F4 /* Build configuration list for PBXNativeTarget "CryptoMarketMVCTests" */;
			buildPhases = (
				ED7636852131F640000592F4 /* Sources */,
				ED7636862131F640000592F4 /* Frameworks */,
				ED7636872131F640000592F4 /* Resources */,
			);
			buildRules = (
			);
			dependencies = (
				ED76368B2131F640000592F4 /* PBXTargetDependency */,
			);
			name = CryptoMarketMVCTests;
			productName = CryptoMarketMVCTests;
			productReference = ED7636892131F640000592F4 /* CryptoMarketMVCTests.xctest */;
			productType = "com.apple.product-type.bundle.unit-test";
		};
		ED7636932131F640000592F4 /* CryptoMarketMVCUITests */ = {
			isa = PBXNativeTarget;
			buildConfigurationList = ED7636A32131F640000592F4 /* Build configuration list for PBXNativeTarget "CryptoMarketMVCUITests" */;
			buildPhases = (
				ED7636902131F640000592F4 /* Sources */,
				ED7636912131F640000592F4 /* Frameworks */,
				ED7636922131F640000592F4 /* Resources */,
			);
			buildRules = (
			);
			dependencies = (
				ED7636962131F640000592F4 /* PBXTargetDependency */,
			);
			name = CryptoMarketMVCUITests;
			productName = CryptoMarketMVCUITests;
			productReference = ED7636942131F640000592F4 /* CryptoMarketMVCUITests.xctest */;
			productType = "com.apple.product-type.bundle.ui-testing";
		};
/* End PBXNativeTarget section */

/* Begin PBXProject section */
		ED76366B2131F63D000592F4 /* Project object */ = {
			isa = PBXProject;
			attributes = {
				LastSwiftUpdateCheck = 0940;
				LastUpgradeCheck = 0940;
				ORGANIZATIONNAME = Qubo;
				TargetAttributes = {
					ED7636722131F63D000592F4 = {
						CreatedOnToolsVersion = 9.4.1;
						LastSwiftMigration = 1000;
					};
					ED7636882131F640000592F4 = {
						CreatedOnToolsVersion = 9.4.1;
						LastSwiftMigration = 1000;
						TestTargetID = ED7636722131F63D000592F4;
					};
					ED7636932131F640000592F4 = {
						CreatedOnToolsVersion = 9.4.1;
						LastSwiftMigration = 1000;
						TestTargetID = ED7636722131F63D000592F4;
					};
				};
			};
			buildConfigurationList = ED76366E2131F63D000592F4 /* Build configuration list for PBXProject "CryptoMarketMVC" */;
			compatibilityVersion = "Xcode 9.3";
			developmentRegion = en;
			hasScannedForEncodings = 0;
			knownRegions = (
				en,
				Base,
			);
			mainGroup = ED76366A2131F63D000592F4;
			productRefGroup = ED7636742131F63D000592F4 /* Products */;
			projectDirPath = "";
			projectRoot = "";
			targets = (
				ED7636722131F63D000592F4 /* CryptoMarketMVC */,
				ED7636882131F640000592F4 /* CryptoMarketMVCTests */,
				ED7636932131F640000592F4 /* CryptoMarketMVCUITests */,
			);
		};
/* End PBXProject section */

/* Begin PBXResourcesBuildPhase section */
		ED7636712131F63D000592F4 /* Resources */ = {
			isa = PBXResourcesBuildPhase;
			buildActionMask = 2147483647;
			files = (
				ED7636832131F63F000592F4 /* LaunchScreen.storyboard in Resources */,
				ED7636802131F63F000592F4 /* Assets.xcassets in Resources */,
				ED76367E2131F63D000592F4 /* Main.storyboard in Resources */,
				ED52DC9D21365FE2001198E7 /* SectionHeaderView.xib in Resources */,
			);
			runOnlyForDeploymentPostprocessing = 0;
		};
		ED7636872131F640000592F4 /* Resources */ = {
			isa = PBXResourcesBuildPhase;
			buildActionMask = 2147483647;
			files = (
			);
			runOnlyForDeploymentPostprocessing = 0;
		};
		ED7636922131F640000592F4 /* Resources */ = {
			isa = PBXResourcesBuildPhase;
			buildActionMask = 2147483647;
			files = (
			);
			runOnlyForDeploymentPostprocessing = 0;
		};
/* End PBXResourcesBuildPhase section */

/* Begin PBXShellScriptBuildPhase section */
		EDD4B47B214882E300D8E297 /* ShellScript */ = {
			isa = PBXShellScriptBuildPhase;
			buildActionMask = 2147483647;
			files = (
			);
			inputPaths = (
				"$(SRCROOT)/Carthage/Build/iOS/Charts.framework",
				"$(SRCROOT)/Carthage/Build/iOS/RxSwift.framework",
				"$(SRCROOT)/Carthage/Build/iOS/RxCocoa.framework",
				"$(SRCROOT)/Carthage/Build/iOS/RxBlocking.framework",
				"$(SRCROOT)/Carthage/Build/iOS/RxDataSources.framework",
				"$(SRCROOT)/Carthage/Build/iOS/Differentiator.framework",
				"$(SRCROOT)/Carthage/Build/iOS/RxGesture.framework",
			);
			outputPaths = (
				"$(BUILT_PRODUCTS_DIR)/$(FRAMEWORKS_FOLDER_PATH)/Charts.framework",
				"$(BUILT_PRODUCTS_DIR)/$(FRAMEWORKS_FOLDER_PATH)/RxSwift.framework",
				"$(BUILT_PRODUCTS_DIR)/$(FRAMEWORKS_FOLDER_PATH)/RxCocoa.framework",
				"$(BUILT_PRODUCTS_DIR)/$(FRAMEWORKS_FOLDER_PATH)/RxBlocking.framework",
				"$(BUILT_PRODUCTS_DIR)/$(FRAMEWORKS_FOLDER_PATH)/RxDataSources.framework",
				"$(BUILT_PRODUCTS_DIR)/$(FRAMEWORKS_FOLDER_PATH)/Differentiator.framework",
				"$(BUILT_PRODUCTS_DIR)/$(FRAMEWORKS_FOLDER_PATH)/RxGesture.framework",
			);
			runOnlyForDeploymentPostprocessing = 0;
			shellPath = /bin/sh;
			shellScript = "/usr/local/bin/carthage copy-frameworks\n";
		};
/* End PBXShellScriptBuildPhase section */

/* Begin PBXSourcesBuildPhase section */
		ED76366F2131F63D000592F4 /* Sources */ = {
			isa = PBXSourcesBuildPhase;
			buildActionMask = 2147483647;
			files = (
				ED7636B021325AAA000592F4 /* ScaleWidthImageView.swift in Sources */,
				ED7636AC21320160000592F4 /* CurrencyCell.swift in Sources */,
				EDD89F6E21421C190031EA10 /* CoinMarketModel.swift in Sources */,
				ED52DC992134FED6001198E7 /* DismissTransitionController.swift in Sources */,
				EDD89F6121421BE80031EA10 /* ParameterEncoder.swift in Sources */,
				ED52DC922134FEA3001198E7 /* SettingsNavigationController.swift in Sources */,
				EDB62CB221554EEF006EA432 /* PriceViewModel.swift in Sources */,
				EDD89F6421421BE80031EA10 /* CoinMarketEndPoint.swift in Sources */,
				EDB9420621570EE00070C278 /* ExpandViewModel.swift in Sources */,
				EDB62CB021554DED006EA432 /* CurrencyListViewModel.swift in Sources */,
				ED76367B2131F63D000592F4 /* FavoritesViewController.swift in Sources */,
				EDD89F6A21421BE80031EA10 /* EndPointType.swift in Sources */,
				ED7636772131F63D000592F4 /* AppDelegate.swift in Sources */,
				EDDA22E5214DF18E00088F48 /* ClickView.swift in Sources */,
				ED7636B82134CE95000592F4 /* PricesViewController.swift in Sources */,
				ED7636B221325EEF000592F4 /* SectionHeaderView.swift in Sources */,
				EDD4B47F2148CA4300D8E297 /* GlobalStatus.swift in Sources */,
				ED52DC9A2134FED6001198E7 /* PresentTransitionController.swift in Sources */,
				EDD89F6521421BE80031EA10 /* CryptoCompareEndPoint.swift in Sources */,
				EDD4B47D2148C2BF00D8E297 /* PersistentModel.swift in Sources */,
				EDB94204215709AD0070C278 /* SettingViewModel.swift in Sources */,
				EDD89F6321421BE80031EA10 /* NetworkManager.swift in Sources */,
				ED7636B62133012C000592F4 /* ExpandViewController.swift in Sources */,
				EDD89F7021421C190031EA10 /* HuobiModel.swift in Sources */,
				EDD89F6621421BE80031EA10 /* HuobiEndPoint.swift in Sources */,
				EDB9420C2158C5260070C278 /* CurrencyViewModel.swift in Sources */,
				ED7636AE213203A2000592F4 /* SettingsViewController.swift in Sources */,
				EDD89F6221421BE80031EA10 /* Signature.swift in Sources */,
				EDD89F512141DA890031EA10 /* Logger.swift in Sources */,
				ED7636792131F63D000592F4 /* CryptoCurrencyListViewController.swift in Sources */,
				EDD89F6F21421C190031EA10 /* CryptoCompareModel.swift in Sources */,
				EDD89F6921421BE80031EA10 /* NetworkLogger.swift in Sources */,
				ED7636B4213300B2000592F4 /* DetailViewController.swift in Sources */,
				EDB94208215885950070C278 /* SectionHeaderViewModel.swift in Sources */,
				EDB942022156AED60070C278 /* FavoriteViewModel.swift in Sources */,
				EDD89F6721421BE80031EA10 /* NetworkRouter.swift in Sources */,
			);
			runOnlyForDeploymentPostprocessing = 0;
		};
		ED7636852131F640000592F4 /* Sources */ = {
			isa = PBXSourcesBuildPhase;
			buildActionMask = 2147483647;
			files = (
				EDADE8972145A48F00FF3D89 /* CoinMarketEndPointsTests.swift in Sources */,
				EDADE8992145A5A500FF3D89 /* CryptoCompareEndPointsTests.swift in Sources */,
				EDADE8872145970B00FF3D89 /* HuobiEndPointsTests.swift in Sources */,
			);
			runOnlyForDeploymentPostprocessing = 0;
		};
		ED7636902131F640000592F4 /* Sources */ = {
			isa = PBXSourcesBuildPhase;
			buildActionMask = 2147483647;
			files = (
				ED7636992131F640000592F4 /* CryptoMarketMVCUITests.swift in Sources */,
			);
			runOnlyForDeploymentPostprocessing = 0;
		};
/* End PBXSourcesBuildPhase section */

/* Begin PBXTargetDependency section */
		ED76368B2131F640000592F4 /* PBXTargetDependency */ = {
			isa = PBXTargetDependency;
			target = ED7636722131F63D000592F4 /* CryptoMarketMVC */;
			targetProxy = ED76368A2131F640000592F4 /* PBXContainerItemProxy */;
		};
		ED7636962131F640000592F4 /* PBXTargetDependency */ = {
			isa = PBXTargetDependency;
			target = ED7636722131F63D000592F4 /* CryptoMarketMVC */;
			targetProxy = ED7636952131F640000592F4 /* PBXContainerItemProxy */;
		};
/* End PBXTargetDependency section */

/* Begin PBXVariantGroup section */
		ED76367C2131F63D000592F4 /* Main.storyboard */ = {
			isa = PBXVariantGroup;
			children = (
				ED76367D2131F63D000592F4 /* Base */,
			);
			name = Main.storyboard;
			sourceTree = "<group>";
		};
		ED7636812131F63F000592F4 /* LaunchScreen.storyboard */ = {
			isa = PBXVariantGroup;
			children = (
				ED7636822131F63F000592F4 /* Base */,
			);
			name = LaunchScreen.storyboard;
			sourceTree = "<group>";
		};
/* End PBXVariantGroup section */

/* Begin XCBuildConfiguration section */
		ED76369B2131F640000592F4 /* Debug */ = {
			isa = XCBuildConfiguration;
			buildSettings = {
				ALWAYS_SEARCH_USER_PATHS = NO;
				CLANG_ANALYZER_NONNULL = YES;
				CLANG_ANALYZER_NUMBER_OBJECT_CONVERSION = YES_AGGRESSIVE;
				CLANG_CXX_LANGUAGE_STANDARD = "gnu++14";
				CLANG_CXX_LIBRARY = "libc++";
				CLANG_ENABLE_MODULES = YES;
				CLANG_ENABLE_OBJC_ARC = YES;
				CLANG_ENABLE_OBJC_WEAK = YES;
				CLANG_WARN_BLOCK_CAPTURE_AUTORELEASING = YES;
				CLANG_WARN_BOOL_CONVERSION = YES;
				CLANG_WARN_COMMA = YES;
				CLANG_WARN_CONSTANT_CONVERSION = YES;
				CLANG_WARN_DEPRECATED_OBJC_IMPLEMENTATIONS = YES;
				CLANG_WARN_DIRECT_OBJC_ISA_USAGE = YES_ERROR;
				CLANG_WARN_DOCUMENTATION_COMMENTS = YES;
				CLANG_WARN_EMPTY_BODY = YES;
				CLANG_WARN_ENUM_CONVERSION = YES;
				CLANG_WARN_INFINITE_RECURSION = YES;
				CLANG_WARN_INT_CONVERSION = YES;
				CLANG_WARN_NON_LITERAL_NULL_CONVERSION = YES;
				CLANG_WARN_OBJC_IMPLICIT_RETAIN_SELF = YES;
				CLANG_WARN_OBJC_LITERAL_CONVERSION = YES;
				CLANG_WARN_OBJC_ROOT_CLASS = YES_ERROR;
				CLANG_WARN_RANGE_LOOP_ANALYSIS = YES;
				CLANG_WARN_STRICT_PROTOTYPES = YES;
				CLANG_WARN_SUSPICIOUS_MOVE = YES;
				CLANG_WARN_UNGUARDED_AVAILABILITY = YES_AGGRESSIVE;
				CLANG_WARN_UNREACHABLE_CODE = YES;
				CLANG_WARN__DUPLICATE_METHOD_MATCH = YES;
				CODE_SIGN_IDENTITY = "iPhone Developer";
				COPY_PHASE_STRIP = NO;
				DEBUG_INFORMATION_FORMAT = dwarf;
				ENABLE_STRICT_OBJC_MSGSEND = YES;
				ENABLE_TESTABILITY = YES;
				GCC_C_LANGUAGE_STANDARD = gnu11;
				GCC_DYNAMIC_NO_PIC = NO;
				GCC_NO_COMMON_BLOCKS = YES;
				GCC_OPTIMIZATION_LEVEL = 0;
				GCC_PREPROCESSOR_DEFINITIONS = (
					"DEBUG=1",
					"$(inherited)",
				);
				GCC_WARN_64_TO_32_BIT_CONVERSION = YES;
				GCC_WARN_ABOUT_RETURN_TYPE = YES_ERROR;
				GCC_WARN_UNDECLARED_SELECTOR = YES;
				GCC_WARN_UNINITIALIZED_AUTOS = YES_AGGRESSIVE;
				GCC_WARN_UNUSED_FUNCTION = YES;
				GCC_WARN_UNUSED_VARIABLE = YES;
				IPHONEOS_DEPLOYMENT_TARGET = 11.4;
				MTL_ENABLE_DEBUG_INFO = YES;
				ONLY_ACTIVE_ARCH = YES;
				SDKROOT = iphoneos;
				SWIFT_ACTIVE_COMPILATION_CONDITIONS = DEBUG;
				SWIFT_OPTIMIZATION_LEVEL = "-Onone";
			};
			name = Debug;
		};
		ED76369C2131F640000592F4 /* Release */ = {
			isa = XCBuildConfiguration;
			buildSettings = {
				ALWAYS_SEARCH_USER_PATHS = NO;
				CLANG_ANALYZER_NONNULL = YES;
				CLANG_ANALYZER_NUMBER_OBJECT_CONVERSION = YES_AGGRESSIVE;
				CLANG_CXX_LANGUAGE_STANDARD = "gnu++14";
				CLANG_CXX_LIBRARY = "libc++";
				CLANG_ENABLE_MODULES = YES;
				CLANG_ENABLE_OBJC_ARC = YES;
				CLANG_ENABLE_OBJC_WEAK = YES;
				CLANG_WARN_BLOCK_CAPTURE_AUTORELEASING = YES;
				CLANG_WARN_BOOL_CONVERSION = YES;
				CLANG_WARN_COMMA = YES;
				CLANG_WARN_CONSTANT_CONVERSION = YES;
				CLANG_WARN_DEPRECATED_OBJC_IMPLEMENTATIONS = YES;
				CLANG_WARN_DIRECT_OBJC_ISA_USAGE = YES_ERROR;
				CLANG_WARN_DOCUMENTATION_COMMENTS = YES;
				CLANG_WARN_EMPTY_BODY = YES;
				CLANG_WARN_ENUM_CONVERSION = YES;
				CLANG_WARN_INFINITE_RECURSION = YES;
				CLANG_WARN_INT_CONVERSION = YES;
				CLANG_WARN_NON_LITERAL_NULL_CONVERSION = YES;
				CLANG_WARN_OBJC_IMPLICIT_RETAIN_SELF = YES;
				CLANG_WARN_OBJC_LITERAL_CONVERSION = YES;
				CLANG_WARN_OBJC_ROOT_CLASS = YES_ERROR;
				CLANG_WARN_RANGE_LOOP_ANALYSIS = YES;
				CLANG_WARN_STRICT_PROTOTYPES = YES;
				CLANG_WARN_SUSPICIOUS_MOVE = YES;
				CLANG_WARN_UNGUARDED_AVAILABILITY = YES_AGGRESSIVE;
				CLANG_WARN_UNREACHABLE_CODE = YES;
				CLANG_WARN__DUPLICATE_METHOD_MATCH = YES;
				CODE_SIGN_IDENTITY = "iPhone Developer";
				COPY_PHASE_STRIP = NO;
				DEBUG_INFORMATION_FORMAT = "dwarf-with-dsym";
				ENABLE_NS_ASSERTIONS = NO;
				ENABLE_STRICT_OBJC_MSGSEND = YES;
				GCC_C_LANGUAGE_STANDARD = gnu11;
				GCC_NO_COMMON_BLOCKS = YES;
				GCC_WARN_64_TO_32_BIT_CONVERSION = YES;
				GCC_WARN_ABOUT_RETURN_TYPE = YES_ERROR;
				GCC_WARN_UNDECLARED_SELECTOR = YES;
				GCC_WARN_UNINITIALIZED_AUTOS = YES_AGGRESSIVE;
				GCC_WARN_UNUSED_FUNCTION = YES;
				GCC_WARN_UNUSED_VARIABLE = YES;
				IPHONEOS_DEPLOYMENT_TARGET = 11.4;
				MTL_ENABLE_DEBUG_INFO = NO;
				SDKROOT = iphoneos;
				SWIFT_COMPILATION_MODE = wholemodule;
				SWIFT_OPTIMIZATION_LEVEL = "-O";
				VALIDATE_PRODUCT = YES;
			};
			name = Release;
		};
		ED76369E2131F640000592F4 /* Debug */ = {
			isa = XCBuildConfiguration;
			buildSettings = {
				ASSETCATALOG_COMPILER_APPICON_NAME = AppIcon;
				CODE_SIGN_STYLE = Automatic;
				DEVELOPMENT_TEAM = BRVVVLG5ZB;
				FRAMEWORK_SEARCH_PATHS = (
					"$(inherited)",
					"$(PROJECT_DIR)/Carthage/Build/iOS",
				);
				INFOPLIST_FILE = CryptoMarketMVC/Info.plist;
				LD_RUNPATH_SEARCH_PATHS = (
					"$(inherited)",
					"@executable_path/Frameworks",
				);
				PRODUCT_BUNDLE_IDENTIFIER = com.magicefire.CryptoMarketMVC;
				PRODUCT_NAME = "$(TARGET_NAME)";
				SWIFT_OBJC_BRIDGING_HEADER = "$(SRCROOT)/CryptoMarketMVC/CommonCrypto.h";
				SWIFT_VERSION = 4.2;
				TARGETED_DEVICE_FAMILY = "1,2";
			};
			name = Debug;
		};
		ED76369F2131F640000592F4 /* Release */ = {
			isa = XCBuildConfiguration;
			buildSettings = {
				ASSETCATALOG_COMPILER_APPICON_NAME = AppIcon;
				CODE_SIGN_STYLE = Automatic;
				DEVELOPMENT_TEAM = BRVVVLG5ZB;
				FRAMEWORK_SEARCH_PATHS = (
					"$(inherited)",
					"$(PROJECT_DIR)/Carthage/Build/iOS",
				);
				INFOPLIST_FILE = CryptoMarketMVC/Info.plist;
				LD_RUNPATH_SEARCH_PATHS = (
					"$(inherited)",
					"@executable_path/Frameworks",
				);
				PRODUCT_BUNDLE_IDENTIFIER = com.magicefire.CryptoMarketMVC;
				PRODUCT_NAME = "$(TARGET_NAME)";
				SWIFT_OBJC_BRIDGING_HEADER = "$(SRCROOT)/CryptoMarketMVC/CommonCrypto.h";
				SWIFT_VERSION = 4.2;
				TARGETED_DEVICE_FAMILY = "1,2";
			};
			name = Release;
		};
		ED7636A12131F640000592F4 /* Debug */ = {
			isa = XCBuildConfiguration;
			buildSettings = {
				ALWAYS_EMBED_SWIFT_STANDARD_LIBRARIES = YES;
				BUNDLE_LOADER = "$(TEST_HOST)";
				CODE_SIGN_STYLE = Automatic;
				DEVELOPMENT_TEAM = BRVVVLG5ZB;
				INFOPLIST_FILE = CryptoMarketMVCTests/Info.plist;
				LD_RUNPATH_SEARCH_PATHS = (
					"$(inherited)",
					"@executable_path/Frameworks",
					"@loader_path/Frameworks",
				);
				PRODUCT_BUNDLE_IDENTIFIER = com.magicefire.CryptoMarketMVCTests;
				PRODUCT_NAME = "$(TARGET_NAME)";
				SWIFT_VERSION = 4.2;
				TARGETED_DEVICE_FAMILY = "1,2";
				TEST_HOST = "$(BUILT_PRODUCTS_DIR)/CryptoMarketMVC.app/CryptoMarketMVC";
			};
			name = Debug;
		};
		ED7636A22131F640000592F4 /* Release */ = {
			isa = XCBuildConfiguration;
			buildSettings = {
				ALWAYS_EMBED_SWIFT_STANDARD_LIBRARIES = YES;
				BUNDLE_LOADER = "$(TEST_HOST)";
				CODE_SIGN_STYLE = Automatic;
				DEVELOPMENT_TEAM = BRVVVLG5ZB;
				INFOPLIST_FILE = CryptoMarketMVCTests/Info.plist;
				LD_RUNPATH_SEARCH_PATHS = (
					"$(inherited)",
					"@executable_path/Frameworks",
					"@loader_path/Frameworks",
				);
				PRODUCT_BUNDLE_IDENTIFIER = com.magicefire.CryptoMarketMVCTests;
				PRODUCT_NAME = "$(TARGET_NAME)";
				SWIFT_VERSION = 4.2;
				TARGETED_DEVICE_FAMILY = "1,2";
				TEST_HOST = "$(BUILT_PRODUCTS_DIR)/CryptoMarketMVC.app/CryptoMarketMVC";
			};
			name = Release;
		};
		ED7636A42131F640000592F4 /* Debug */ = {
			isa = XCBuildConfiguration;
			buildSettings = {
				ALWAYS_EMBED_SWIFT_STANDARD_LIBRARIES = YES;
				CODE_SIGN_STYLE = Automatic;
				DEVELOPMENT_TEAM = BRVVVLG5ZB;
				INFOPLIST_FILE = CryptoMarketMVCUITests/Info.plist;
				LD_RUNPATH_SEARCH_PATHS = (
					"$(inherited)",
					"@executable_path/Frameworks",
					"@loader_path/Frameworks",
				);
				PRODUCT_BUNDLE_IDENTIFIER = com.magicefire.CryptoMarketMVCUITests;
				PRODUCT_NAME = "$(TARGET_NAME)";
				SWIFT_VERSION = 4.2;
				TARGETED_DEVICE_FAMILY = "1,2";
				TEST_TARGET_NAME = CryptoMarketMVC;
			};
			name = Debug;
		};
		ED7636A52131F640000592F4 /* Release */ = {
			isa = XCBuildConfiguration;
			buildSettings = {
				ALWAYS_EMBED_SWIFT_STANDARD_LIBRARIES = YES;
				CODE_SIGN_STYLE = Automatic;
				DEVELOPMENT_TEAM = BRVVVLG5ZB;
				INFOPLIST_FILE = CryptoMarketMVCUITests/Info.plist;
				LD_RUNPATH_SEARCH_PATHS = (
					"$(inherited)",
					"@executable_path/Frameworks",
					"@loader_path/Frameworks",
				);
				PRODUCT_BUNDLE_IDENTIFIER = com.magicefire.CryptoMarketMVCUITests;
				PRODUCT_NAME = "$(TARGET_NAME)";
				SWIFT_VERSION = 4.2;
				TARGETED_DEVICE_FAMILY = "1,2";
				TEST_TARGET_NAME = CryptoMarketMVC;
			};
			name = Release;
		};
/* End XCBuildConfiguration section */

/* Begin XCConfigurationList section */
		ED76366E2131F63D000592F4 /* Build configuration list for PBXProject "CryptoMarketMVC" */ = {
			isa = XCConfigurationList;
			buildConfigurations = (
				ED76369B2131F640000592F4 /* Debug */,
				ED76369C2131F640000592F4 /* Release */,
			);
			defaultConfigurationIsVisible = 0;
			defaultConfigurationName = Release;
		};
		ED76369D2131F640000592F4 /* Build configuration list for PBXNativeTarget "CryptoMarketMVC" */ = {
			isa = XCConfigurationList;
			buildConfigurations = (
				ED76369E2131F640000592F4 /* Debug */,
				ED76369F2131F640000592F4 /* Release */,
			);
			defaultConfigurationIsVisible = 0;
			defaultConfigurationName = Release;
		};
		ED7636A02131F640000592F4 /* Build configuration list for PBXNativeTarget "CryptoMarketMVCTests" */ = {
			isa = XCConfigurationList;
			buildConfigurations = (
				ED7636A12131F640000592F4 /* Debug */,
				ED7636A22131F640000592F4 /* Release */,
			);
			defaultConfigurationIsVisible = 0;
			defaultConfigurationName = Release;
		};
		ED7636A32131F640000592F4 /* Build configuration list for PBXNativeTarget "CryptoMarketMVCUITests" */ = {
			isa = XCConfigurationList;
			buildConfigurations = (
				ED7636A42131F640000592F4 /* Debug */,
				ED7636A52131F640000592F4 /* Release */,
			);
			defaultConfigurationIsVisible = 0;
			defaultConfigurationName = Release;
		};
/* End XCConfigurationList section */
	};
	rootObject = ED76366B2131F63D000592F4 /* Project object */;
}
